// !$*UTF8*$!
{
	archiveVersion = 1;
	classes = {
	};
	objectVersion = 56;
	objects = {

/* Begin PBXBuildFile section */
		668ADB532A58A90100AD76AE /* SearchRecipesCollectionViewCellViewModel.swift in Sources */ = {isa = PBXBuildFile; fileRef = 668ADB522A58A90100AD76AE /* SearchRecipesCollectionViewCellViewModel.swift */; };
		668ADB552A5CABF700AD76AE /* DetailRecipeViewController.swift in Sources */ = {isa = PBXBuildFile; fileRef = 668ADB542A5CABF700AD76AE /* DetailRecipeViewController.swift */; };
		668ADB582A5CADF100AD76AE /* RecipeDetaiView.swift in Sources */ = {isa = PBXBuildFile; fileRef = 668ADB572A5CADF100AD76AE /* RecipeDetaiView.swift */; };
		668ADB5A2A5CAE3900AD76AE /* RecipeDetailViewViewModel.swift in Sources */ = {isa = PBXBuildFile; fileRef = 668ADB592A5CAE3900AD76AE /* RecipeDetailViewViewModel.swift */; };
		668ADB5E2A5E1E1600AD76AE /* MealPlannerCollectionViewCell.swift in Sources */ = {isa = PBXBuildFile; fileRef = 668ADB5D2A5E1E1600AD76AE /* MealPlannerCollectionViewCell.swift */; };
		668ADB602A5E208200AD76AE /* GroceryCollectionViewCell.swift in Sources */ = {isa = PBXBuildFile; fileRef = 668ADB5F2A5E208200AD76AE /* GroceryCollectionViewCell.swift */; };
		668ADB622A5E570900AD76AE /* TodayWorkOutTableViewCell.swift in Sources */ = {isa = PBXBuildFile; fileRef = 668ADB612A5E570900AD76AE /* TodayWorkOutTableViewCell.swift */; };
		668ADB642A5E57BA00AD76AE /* WorkOutManager.swift in Sources */ = {isa = PBXBuildFile; fileRef = 668ADB632A5E57BA00AD76AE /* WorkOutManager.swift */; };
		668DCD292A4B768C00FF8F3C /* AppDelegate.swift in Sources */ = {isa = PBXBuildFile; fileRef = 668DCD282A4B768C00FF8F3C /* AppDelegate.swift */; };
		668DCD2B2A4B768C00FF8F3C /* SceneDelegate.swift in Sources */ = {isa = PBXBuildFile; fileRef = 668DCD2A2A4B768C00FF8F3C /* SceneDelegate.swift */; };
		668DCD2D2A4B768C00FF8F3C /* MainTabBarViewController.swift in Sources */ = {isa = PBXBuildFile; fileRef = 668DCD2C2A4B768C00FF8F3C /* MainTabBarViewController.swift */; };
		668DCD322A4B768E00FF8F3C /* Assets.xcassets in Resources */ = {isa = PBXBuildFile; fileRef = 668DCD312A4B768E00FF8F3C /* Assets.xcassets */; };
		668DCD352A4B768E00FF8F3C /* LaunchScreen.storyboard in Resources */ = {isa = PBXBuildFile; fileRef = 668DCD332A4B768E00FF8F3C /* LaunchScreen.storyboard */; };
		668DCD3D2A4CC6DF00FF8F3C /* TodayViewController.swift in Sources */ = {isa = PBXBuildFile; fileRef = 668DCD3C2A4CC6DE00FF8F3C /* TodayViewController.swift */; };
		668DCD3F2A4CC6F500FF8F3C /* SearchViewController.swift in Sources */ = {isa = PBXBuildFile; fileRef = 668DCD3E2A4CC6F500FF8F3C /* SearchViewController.swift */; };
		668DCD432A4CCD9500FF8F3C /* PlannerViewController.swift in Sources */ = {isa = PBXBuildFile; fileRef = 668DCD422A4CCD9500FF8F3C /* PlannerViewController.swift */; };
		668DCD452A4CCDAD00FF8F3C /* HealthTrackViewController.swift in Sources */ = {isa = PBXBuildFile; fileRef = 668DCD442A4CCDAD00FF8F3C /* HealthTrackViewController.swift */; };
		668DCD472A4CCDBA00FF8F3C /* ProfileViewController.swift in Sources */ = {isa = PBXBuildFile; fileRef = 668DCD462A4CCDBA00FF8F3C /* ProfileViewController.swift */; };
		668DCD4C2A4E016A00FF8F3C /* TodayView.swift in Sources */ = {isa = PBXBuildFile; fileRef = 668DCD4B2A4E016A00FF8F3C /* TodayView.swift */; };
		668DCD4E2A4E017600FF8F3C /* SearchResultView.swift in Sources */ = {isa = PBXBuildFile; fileRef = 668DCD4D2A4E017600FF8F3C /* SearchResultView.swift */; };
		668DCD502A4E073F00FF8F3C /* SearchResultCollectionViewCell.swift in Sources */ = {isa = PBXBuildFile; fileRef = 668DCD4F2A4E073F00FF8F3C /* SearchResultCollectionViewCell.swift */; };
		668DCD592A526FFF00FF8F3C /* RecipesByIngredients.swift in Sources */ = {isa = PBXBuildFile; fileRef = 668DCD582A526FFE00FF8F3C /* RecipesByIngredients.swift */; };
		668DCD5B2A52732600FF8F3C /* RecipeInstructions.swift in Sources */ = {isa = PBXBuildFile; fileRef = 668DCD5A2A52732600FF8F3C /* RecipeInstructions.swift */; };
		668DCD5D2A5352A300FF8F3C /* Service.swift in Sources */ = {isa = PBXBuildFile; fileRef = 668DCD5C2A5352A300FF8F3C /* Service.swift */; };
		668DCD5F2A5352B000FF8F3C /* Request.swift in Sources */ = {isa = PBXBuildFile; fileRef = 668DCD5E2A5352B000FF8F3C /* Request.swift */; };
		668DCD612A5352BF00FF8F3C /* Endpoint.swift in Sources */ = {isa = PBXBuildFile; fileRef = 668DCD602A5352BF00FF8F3C /* Endpoint.swift */; };
		668DCD632A55121F00FF8F3C /* Extensions.swift in Sources */ = {isa = PBXBuildFile; fileRef = 668DCD622A55121F00FF8F3C /* Extensions.swift */; };
		668DCD652A55142100FF8F3C /* SearchRecipesByIngredientsViewModel.swift in Sources */ = {isa = PBXBuildFile; fileRef = 668DCD642A55142100FF8F3C /* SearchRecipesByIngredientsViewModel.swift */; };
		668DCD672A553A2E00FF8F3C /* TodayWorkOutCollectionViewCell.swift in Sources */ = {isa = PBXBuildFile; fileRef = 668DCD662A553A2E00FF8F3C /* TodayWorkOutCollectionViewCell.swift */; };
		668DCD692A55414400FF8F3C /* CardCollectionViewManager.swift in Sources */ = {isa = PBXBuildFile; fileRef = 668DCD682A55414400FF8F3C /* CardCollectionViewManager.swift */; };
		668DCD6D2A560D1F00FF8F3C /* WorkOutCollectionViewManager.swift in Sources */ = {isa = PBXBuildFile; fileRef = 668DCD6C2A560D1F00FF8F3C /* WorkOutCollectionViewManager.swift */; };
/* End PBXBuildFile section */

/* Begin PBXFileReference section */
		668ADB522A58A90100AD76AE /* SearchRecipesCollectionViewCellViewModel.swift */ = {isa = PBXFileReference; lastKnownFileType = sourcecode.swift; path = SearchRecipesCollectionViewCellViewModel.swift; sourceTree = "<group>"; };
		668ADB542A5CABF700AD76AE /* DetailRecipeViewController.swift */ = {isa = PBXFileReference; lastKnownFileType = sourcecode.swift; path = DetailRecipeViewController.swift; sourceTree = "<group>"; };
		668ADB572A5CADF100AD76AE /* RecipeDetaiView.swift */ = {isa = PBXFileReference; lastKnownFileType = sourcecode.swift; path = RecipeDetaiView.swift; sourceTree = "<group>"; };
		668ADB592A5CAE3900AD76AE /* RecipeDetailViewViewModel.swift */ = {isa = PBXFileReference; lastKnownFileType = sourcecode.swift; path = RecipeDetailViewViewModel.swift; sourceTree = "<group>"; };
		668ADB5D2A5E1E1600AD76AE /* MealPlannerCollectionViewCell.swift */ = {isa = PBXFileReference; lastKnownFileType = sourcecode.swift; path = MealPlannerCollectionViewCell.swift; sourceTree = "<group>"; };
		668ADB5F2A5E208200AD76AE /* GroceryCollectionViewCell.swift */ = {isa = PBXFileReference; lastKnownFileType = sourcecode.swift; path = GroceryCollectionViewCell.swift; sourceTree = "<group>"; };
		668ADB612A5E570900AD76AE /* TodayWorkOutTableViewCell.swift */ = {isa = PBXFileReference; lastKnownFileType = sourcecode.swift; path = TodayWorkOutTableViewCell.swift; sourceTree = "<group>"; };
		668ADB632A5E57BA00AD76AE /* WorkOutManager.swift */ = {isa = PBXFileReference; lastKnownFileType = sourcecode.swift; path = WorkOutManager.swift; sourceTree = "<group>"; };
		668DCD252A4B768C00FF8F3C /* MealPlannerApp.app */ = {isa = PBXFileReference; explicitFileType = wrapper.application; includeInIndex = 0; path = MealPlannerApp.app; sourceTree = BUILT_PRODUCTS_DIR; };
		668DCD282A4B768C00FF8F3C /* AppDelegate.swift */ = {isa = PBXFileReference; lastKnownFileType = sourcecode.swift; path = AppDelegate.swift; sourceTree = "<group>"; };
		668DCD2A2A4B768C00FF8F3C /* SceneDelegate.swift */ = {isa = PBXFileReference; lastKnownFileType = sourcecode.swift; path = SceneDelegate.swift; sourceTree = "<group>"; };
		668DCD2C2A4B768C00FF8F3C /* MainTabBarViewController.swift */ = {isa = PBXFileReference; lastKnownFileType = sourcecode.swift; path = MainTabBarViewController.swift; sourceTree = "<group>"; };
		668DCD312A4B768E00FF8F3C /* Assets.xcassets */ = {isa = PBXFileReference; lastKnownFileType = folder.assetcatalog; path = Assets.xcassets; sourceTree = "<group>"; };
		668DCD342A4B768E00FF8F3C /* Base */ = {isa = PBXFileReference; lastKnownFileType = file.storyboard; name = Base; path = Base.lproj/LaunchScreen.storyboard; sourceTree = "<group>"; };
		668DCD362A4B768E00FF8F3C /* Info.plist */ = {isa = PBXFileReference; lastKnownFileType = text.plist.xml; path = Info.plist; sourceTree = "<group>"; };
		668DCD3C2A4CC6DE00FF8F3C /* TodayViewController.swift */ = {isa = PBXFileReference; lastKnownFileType = sourcecode.swift; path = TodayViewController.swift; sourceTree = "<group>"; };
		668DCD3E2A4CC6F500FF8F3C /* SearchViewController.swift */ = {isa = PBXFileReference; lastKnownFileType = sourcecode.swift; path = SearchViewController.swift; sourceTree = "<group>"; };
		668DCD422A4CCD9500FF8F3C /* PlannerViewController.swift */ = {isa = PBXFileReference; lastKnownFileType = sourcecode.swift; path = PlannerViewController.swift; sourceTree = "<group>"; };
		668DCD442A4CCDAD00FF8F3C /* HealthTrackViewController.swift */ = {isa = PBXFileReference; lastKnownFileType = sourcecode.swift; path = HealthTrackViewController.swift; sourceTree = "<group>"; };
		668DCD462A4CCDBA00FF8F3C /* ProfileViewController.swift */ = {isa = PBXFileReference; lastKnownFileType = sourcecode.swift; path = ProfileViewController.swift; sourceTree = "<group>"; };
		668DCD4B2A4E016A00FF8F3C /* TodayView.swift */ = {isa = PBXFileReference; lastKnownFileType = sourcecode.swift; path = TodayView.swift; sourceTree = "<group>"; };
		668DCD4D2A4E017600FF8F3C /* SearchResultView.swift */ = {isa = PBXFileReference; lastKnownFileType = sourcecode.swift; path = SearchResultView.swift; sourceTree = "<group>"; };
		668DCD4F2A4E073F00FF8F3C /* SearchResultCollectionViewCell.swift */ = {isa = PBXFileReference; lastKnownFileType = sourcecode.swift; path = SearchResultCollectionViewCell.swift; sourceTree = "<group>"; };
		668DCD582A526FFE00FF8F3C /* RecipesByIngredients.swift */ = {isa = PBXFileReference; lastKnownFileType = sourcecode.swift; path = RecipesByIngredients.swift; sourceTree = "<group>"; };
		668DCD5A2A52732600FF8F3C /* RecipeInstructions.swift */ = {isa = PBXFileReference; lastKnownFileType = sourcecode.swift; path = RecipeInstructions.swift; sourceTree = "<group>"; };
		668DCD5C2A5352A300FF8F3C /* Service.swift */ = {isa = PBXFileReference; lastKnownFileType = sourcecode.swift; path = Service.swift; sourceTree = "<group>"; };
		668DCD5E2A5352B000FF8F3C /* Request.swift */ = {isa = PBXFileReference; lastKnownFileType = sourcecode.swift; path = Request.swift; sourceTree = "<group>"; };
		668DCD602A5352BF00FF8F3C /* Endpoint.swift */ = {isa = PBXFileReference; lastKnownFileType = sourcecode.swift; path = Endpoint.swift; sourceTree = "<group>"; };
		668DCD622A55121F00FF8F3C /* Extensions.swift */ = {isa = PBXFileReference; lastKnownFileType = sourcecode.swift; path = Extensions.swift; sourceTree = "<group>"; };
		668DCD642A55142100FF8F3C /* SearchRecipesByIngredientsViewModel.swift */ = {isa = PBXFileReference; lastKnownFileType = sourcecode.swift; path = SearchRecipesByIngredientsViewModel.swift; sourceTree = "<group>"; };
		668DCD662A553A2E00FF8F3C /* TodayWorkOutCollectionViewCell.swift */ = {isa = PBXFileReference; lastKnownFileType = sourcecode.swift; path = TodayWorkOutCollectionViewCell.swift; sourceTree = "<group>"; };
		668DCD682A55414400FF8F3C /* CardCollectionViewManager.swift */ = {isa = PBXFileReference; lastKnownFileType = sourcecode.swift; path = CardCollectionViewManager.swift; sourceTree = "<group>"; };
		668DCD6C2A560D1F00FF8F3C /* WorkOutCollectionViewManager.swift */ = {isa = PBXFileReference; lastKnownFileType = sourcecode.swift; path = WorkOutCollectionViewManager.swift; sourceTree = "<group>"; };
/* End PBXFileReference section */

/* Begin PBXFrameworksBuildPhase section */
		668DCD222A4B768C00FF8F3C /* Frameworks */ = {
			isa = PBXFrameworksBuildPhase;
			buildActionMask = 2147483647;
			files = (
			);
			runOnlyForDeploymentPostprocessing = 0;
		};
/* End PBXFrameworksBuildPhase section */

/* Begin PBXGroup section */
		668ADB562A5CABFF00AD76AE /* Other */ = {
			isa = PBXGroup;
			children = (
				668ADB542A5CABF700AD76AE /* DetailRecipeViewController.swift */,
			);
			path = Other;
			sourceTree = "<group>";
		};
		668ADB5B2A5E100800AD76AE /* SearchViewModels */ = {
			isa = PBXGroup;
			children = (
				668ADB592A5CAE3900AD76AE /* RecipeDetailViewViewModel.swift */,
				668DCD642A55142100FF8F3C /* SearchRecipesByIngredientsViewModel.swift */,
				668ADB522A58A90100AD76AE /* SearchRecipesCollectionViewCellViewModel.swift */,
			);
			path = SearchViewModels;
			sourceTree = "<group>";
		};
		668ADB5C2A5E1D9300AD76AE /* HomeViewModels */ = {
			isa = PBXGroup;
			children = (
				668DCD682A55414400FF8F3C /* CardCollectionViewManager.swift */,
				668DCD6C2A560D1F00FF8F3C /* WorkOutCollectionViewManager.swift */,
				668ADB632A5E57BA00AD76AE /* WorkOutManager.swift */,
			);
			path = HomeViewModels;
			sourceTree = "<group>";
		};
		668DCD1C2A4B768C00FF8F3C = {
			isa = PBXGroup;
			children = (
				668DCD272A4B768C00FF8F3C /* MealPlannerApp */,
				668DCD262A4B768C00FF8F3C /* Products */,
			);
			sourceTree = "<group>";
		};
		668DCD262A4B768C00FF8F3C /* Products */ = {
			isa = PBXGroup;
			children = (
				668DCD252A4B768C00FF8F3C /* MealPlannerApp.app */,
			);
			name = Products;
			sourceTree = "<group>";
		};
		668DCD272A4B768C00FF8F3C /* MealPlannerApp */ = {
			isa = PBXGroup;
			children = (
				668DCD572A513AE500FF8F3C /* Resources */,
				668DCD562A513AA700FF8F3C /* Managers */,
				668DCD552A513A6600FF8F3C /* APIClient */,
				668DCD532A513A3200FF8F3C /* Models */,
				668DCD542A513A5300FF8F3C /* ViewModels */,
				668DCD482A4CDD3500FF8F3C /* View */,
				668DCD412A4CC8AA00FF8F3C /* Controller */,
				668DCD362A4B768E00FF8F3C /* Info.plist */,
			);
			path = MealPlannerApp;
			sourceTree = "<group>";
		};
		668DCD402A4CC89A00FF8F3C /* Core */ = {
			isa = PBXGroup;
			children = (
				668DCD3C2A4CC6DE00FF8F3C /* TodayViewController.swift */,
				668DCD3E2A4CC6F500FF8F3C /* SearchViewController.swift */,
				668DCD442A4CCDAD00FF8F3C /* HealthTrackViewController.swift */,
				668DCD422A4CCD9500FF8F3C /* PlannerViewController.swift */,
				668DCD462A4CCDBA00FF8F3C /* ProfileViewController.swift */,
				668DCD2C2A4B768C00FF8F3C /* MainTabBarViewController.swift */,
			);
			path = Core;
			sourceTree = "<group>";
		};
		668DCD412A4CC8AA00FF8F3C /* Controller */ = {
			isa = PBXGroup;
			children = (
				668DCD402A4CC89A00FF8F3C /* Core */,
				668ADB562A5CABFF00AD76AE /* Other */,
			);
			path = Controller;
			sourceTree = "<group>";
		};
		668DCD482A4CDD3500FF8F3C /* View */ = {
			isa = PBXGroup;
			children = (
				668DCD522A4E076B00FF8F3C /* Home Screen */,
				668DCD512A4E074900FF8F3C /* Search Screen */,
			);
			path = View;
			sourceTree = "<group>";
		};
		668DCD512A4E074900FF8F3C /* Search Screen */ = {
			isa = PBXGroup;
			children = (
				668DCD4D2A4E017600FF8F3C /* SearchResultView.swift */,
				668DCD4F2A4E073F00FF8F3C /* SearchResultCollectionViewCell.swift */,
				668ADB572A5CADF100AD76AE /* RecipeDetaiView.swift */,
			);
			path = "Search Screen";
			sourceTree = "<group>";
		};
		668DCD522A4E076B00FF8F3C /* Home Screen */ = {
			isa = PBXGroup;
			children = (
				668DCD4B2A4E016A00FF8F3C /* TodayView.swift */,
				668DCD662A553A2E00FF8F3C /* TodayWorkOutCollectionViewCell.swift */,
				668ADB5D2A5E1E1600AD76AE /* MealPlannerCollectionViewCell.swift */,
				668ADB612A5E570900AD76AE /* TodayWorkOutTableViewCell.swift */,
				668ADB5F2A5E208200AD76AE /* GroceryCollectionViewCell.swift */,
			);
			path = "Home Screen";
			sourceTree = "<group>";
		};
		668DCD532A513A3200FF8F3C /* Models */ = {
			isa = PBXGroup;
			children = (
				668DCD582A526FFE00FF8F3C /* RecipesByIngredients.swift */,
				668DCD5A2A52732600FF8F3C /* RecipeInstructions.swift */,
			);
			path = Models;
			sourceTree = "<group>";
		};
		668DCD542A513A5300FF8F3C /* ViewModels */ = {
			isa = PBXGroup;
			children = (
				668ADB5B2A5E100800AD76AE /* SearchViewModels */,
				668ADB5C2A5E1D9300AD76AE /* HomeViewModels */,
			);
			path = ViewModels;
			sourceTree = "<group>";
		};
		668DCD552A513A6600FF8F3C /* APIClient */ = {
			isa = PBXGroup;
			children = (
				668DCD5C2A5352A300FF8F3C /* Service.swift */,
				668DCD5E2A5352B000FF8F3C /* Request.swift */,
				668DCD602A5352BF00FF8F3C /* Endpoint.swift */,
			);
			path = APIClient;
			sourceTree = "<group>";
		};
		668DCD562A513AA700FF8F3C /* Managers */ = {
			isa = PBXGroup;
			children = (
			);
			path = Managers;
			sourceTree = "<group>";
		};
		668DCD572A513AE500FF8F3C /* Resources */ = {
			isa = PBXGroup;
			children = (
				668DCD2A2A4B768C00FF8F3C /* SceneDelegate.swift */,
				668DCD312A4B768E00FF8F3C /* Assets.xcassets */,
				668DCD332A4B768E00FF8F3C /* LaunchScreen.storyboard */,
				668DCD282A4B768C00FF8F3C /* AppDelegate.swift */,
				668DCD622A55121F00FF8F3C /* Extensions.swift */,
			);
			path = Resources;
			sourceTree = "<group>";
		};
/* End PBXGroup section */

/* Begin PBXNativeTarget section */
		668DCD242A4B768C00FF8F3C /* MealPlannerApp */ = {
			isa = PBXNativeTarget;
			buildConfigurationList = 668DCD392A4B768E00FF8F3C /* Build configuration list for PBXNativeTarget "MealPlannerApp" */;
			buildPhases = (
				668DCD212A4B768C00FF8F3C /* Sources */,
				668DCD222A4B768C00FF8F3C /* Frameworks */,
				668DCD232A4B768C00FF8F3C /* Resources */,
			);
			buildRules = (
			);
			dependencies = (
			);
			name = MealPlannerApp;
			productName = MealPlannerApp;
			productReference = 668DCD252A4B768C00FF8F3C /* MealPlannerApp.app */;
			productType = "com.apple.product-type.application";
		};
/* End PBXNativeTarget section */

/* Begin PBXProject section */
		668DCD1D2A4B768C00FF8F3C /* Project object */ = {
			isa = PBXProject;
			attributes = {
				BuildIndependentTargetsInParallel = 1;
				LastSwiftUpdateCheck = 1430;
				LastUpgradeCheck = 1430;
				TargetAttributes = {
					668DCD242A4B768C00FF8F3C = {
						CreatedOnToolsVersion = 14.3;
					};
				};
			};
			buildConfigurationList = 668DCD202A4B768C00FF8F3C /* Build configuration list for PBXProject "MealPlannerApp" */;
			compatibilityVersion = "Xcode 14.0";
			developmentRegion = en;
			hasScannedForEncodings = 0;
			knownRegions = (
				en,
				Base,
			);
			mainGroup = 668DCD1C2A4B768C00FF8F3C;
			productRefGroup = 668DCD262A4B768C00FF8F3C /* Products */;
			projectDirPath = "";
			projectRoot = "";
			targets = (
				668DCD242A4B768C00FF8F3C /* MealPlannerApp */,
			);
		};
/* End PBXProject section */

/* Begin PBXResourcesBuildPhase section */
		668DCD232A4B768C00FF8F3C /* Resources */ = {
			isa = PBXResourcesBuildPhase;
			buildActionMask = 2147483647;
			files = (
				668DCD352A4B768E00FF8F3C /* LaunchScreen.storyboard in Resources */,
				668DCD322A4B768E00FF8F3C /* Assets.xcassets in Resources */,
			);
			runOnlyForDeploymentPostprocessing = 0;
		};
/* End PBXResourcesBuildPhase section */

/* Begin PBXSourcesBuildPhase section */
		668DCD212A4B768C00FF8F3C /* Sources */ = {
			isa = PBXSourcesBuildPhase;
			buildActionMask = 2147483647;
			files = (
				668DCD2D2A4B768C00FF8F3C /* MainTabBarViewController.swift in Sources */,
				668ADB532A58A90100AD76AE /* SearchRecipesCollectionViewCellViewModel.swift in Sources */,
				668DCD5F2A5352B000FF8F3C /* Request.swift in Sources */,
				668DCD592A526FFF00FF8F3C /* RecipesByIngredients.swift in Sources */,
				668DCD6D2A560D1F00FF8F3C /* WorkOutCollectionViewManager.swift in Sources */,
				668ADB642A5E57BA00AD76AE /* WorkOutManager.swift in Sources */,
				668DCD5D2A5352A300FF8F3C /* Service.swift in Sources */,
				668ADB5E2A5E1E1600AD76AE /* MealPlannerCollectionViewCell.swift in Sources */,
				668DCD3F2A4CC6F500FF8F3C /* SearchViewController.swift in Sources */,
				668ADB602A5E208200AD76AE /* GroceryCollectionViewCell.swift in Sources */,
				668DCD612A5352BF00FF8F3C /* Endpoint.swift in Sources */,
				668DCD502A4E073F00FF8F3C /* SearchResultCollectionViewCell.swift in Sources */,
				668DCD452A4CCDAD00FF8F3C /* HealthTrackViewController.swift in Sources */,
				668DCD4C2A4E016A00FF8F3C /* TodayView.swift in Sources */,
				668DCD692A55414400FF8F3C /* CardCollectionViewManager.swift in Sources */,
				668ADB5A2A5CAE3900AD76AE /* RecipeDetailViewViewModel.swift in Sources */,
				668DCD5B2A52732600FF8F3C /* RecipeInstructions.swift in Sources */,
				668DCD432A4CCD9500FF8F3C /* PlannerViewController.swift in Sources */,
				668ADB582A5CADF100AD76AE /* RecipeDetaiView.swift in Sources */,
				668DCD292A4B768C00FF8F3C /* AppDelegate.swift in Sources */,
				668DCD2B2A4B768C00FF8F3C /* SceneDelegate.swift in Sources */,
				668DCD472A4CCDBA00FF8F3C /* ProfileViewController.swift in Sources */,
				668ADB552A5CABF700AD76AE /* DetailRecipeViewController.swift in Sources */,
				668ADB622A5E570900AD76AE /* TodayWorkOutTableViewCell.swift in Sources */,
				668DCD632A55121F00FF8F3C /* Extensions.swift in Sources */,
				668DCD3D2A4CC6DF00FF8F3C /* TodayViewController.swift in Sources */,
				668DCD652A55142100FF8F3C /* SearchRecipesByIngredientsViewModel.swift in Sources */,
				668DCD672A553A2E00FF8F3C /* TodayWorkOutCollectionViewCell.swift in Sources */,
				668DCD4E2A4E017600FF8F3C /* SearchResultView.swift in Sources */,
			);
			runOnlyForDeploymentPostprocessing = 0;
		};
/* End PBXSourcesBuildPhase section */

/* Begin PBXVariantGroup section */
		668DCD332A4B768E00FF8F3C /* LaunchScreen.storyboard */ = {
			isa = PBXVariantGroup;
			children = (
				668DCD342A4B768E00FF8F3C /* Base */,
			);
			name = LaunchScreen.storyboard;
			sourceTree = "<group>";
		};
/* End PBXVariantGroup section */

/* Begin XCBuildConfiguration section */
		668DCD372A4B768E00FF8F3C /* Debug */ = {
			isa = XCBuildConfiguration;
			buildSettings = {
				ALWAYS_SEARCH_USER_PATHS = NO;
				CLANG_ANALYZER_NONNULL = YES;
				CLANG_ANALYZER_NUMBER_OBJECT_CONVERSION = YES_AGGRESSIVE;
				CLANG_CXX_LANGUAGE_STANDARD = "gnu++20";
				CLANG_ENABLE_MODULES = YES;
				CLANG_ENABLE_OBJC_ARC = YES;
				CLANG_ENABLE_OBJC_WEAK = YES;
				CLANG_WARN_BLOCK_CAPTURE_AUTORELEASING = YES;
				CLANG_WARN_BOOL_CONVERSION = YES;
				CLANG_WARN_COMMA = YES;
				CLANG_WARN_CONSTANT_CONVERSION = YES;
				CLANG_WARN_DEPRECATED_OBJC_IMPLEMENTATIONS = YES;
				CLANG_WARN_DIRECT_OBJC_ISA_USAGE = YES_ERROR;
				CLANG_WARN_DOCUMENTATION_COMMENTS = YES;
				CLANG_WARN_EMPTY_BODY = YES;
				CLANG_WARN_ENUM_CONVERSION = YES;
				CLANG_WARN_INFINITE_RECURSION = YES;
				CLANG_WARN_INT_CONVERSION = YES;
				CLANG_WARN_NON_LITERAL_NULL_CONVERSION = YES;
				CLANG_WARN_OBJC_IMPLICIT_RETAIN_SELF = YES;
				CLANG_WARN_OBJC_LITERAL_CONVERSION = YES;
				CLANG_WARN_OBJC_ROOT_CLASS = YES_ERROR;
				CLANG_WARN_QUOTED_INCLUDE_IN_FRAMEWORK_HEADER = YES;
				CLANG_WARN_RANGE_LOOP_ANALYSIS = YES;
				CLANG_WARN_STRICT_PROTOTYPES = YES;
				CLANG_WARN_SUSPICIOUS_MOVE = YES;
				CLANG_WARN_UNGUARDED_AVAILABILITY = YES_AGGRESSIVE;
				CLANG_WARN_UNREACHABLE_CODE = YES;
				CLANG_WARN__DUPLICATE_METHOD_MATCH = YES;
				COPY_PHASE_STRIP = NO;
				DEBUG_INFORMATION_FORMAT = dwarf;
				ENABLE_STRICT_OBJC_MSGSEND = YES;
				ENABLE_TESTABILITY = YES;
				GCC_C_LANGUAGE_STANDARD = gnu11;
				GCC_DYNAMIC_NO_PIC = NO;
				GCC_NO_COMMON_BLOCKS = YES;
				GCC_OPTIMIZATION_LEVEL = 0;
				GCC_PREPROCESSOR_DEFINITIONS = (
					"DEBUG=1",
					"$(inherited)",
				);
				GCC_WARN_64_TO_32_BIT_CONVERSION = YES;
				GCC_WARN_ABOUT_RETURN_TYPE = YES_ERROR;
				GCC_WARN_UNDECLARED_SELECTOR = YES;
				GCC_WARN_UNINITIALIZED_AUTOS = YES_AGGRESSIVE;
				GCC_WARN_UNUSED_FUNCTION = YES;
				GCC_WARN_UNUSED_VARIABLE = YES;
				IPHONEOS_DEPLOYMENT_TARGET = 16.4;
				MTL_ENABLE_DEBUG_INFO = INCLUDE_SOURCE;
				MTL_FAST_MATH = YES;
				ONLY_ACTIVE_ARCH = YES;
				SDKROOT = iphoneos;
				SWIFT_ACTIVE_COMPILATION_CONDITIONS = DEBUG;
				SWIFT_OPTIMIZATION_LEVEL = "-Onone";
			};
			name = Debug;
		};
		668DCD382A4B768E00FF8F3C /* Release */ = {
			isa = XCBuildConfiguration;
			buildSettings = {
				ALWAYS_SEARCH_USER_PATHS = NO;
				CLANG_ANALYZER_NONNULL = YES;
				CLANG_ANALYZER_NUMBER_OBJECT_CONVERSION = YES_AGGRESSIVE;
				CLANG_CXX_LANGUAGE_STANDARD = "gnu++20";
				CLANG_ENABLE_MODULES = YES;
				CLANG_ENABLE_OBJC_ARC = YES;
				CLANG_ENABLE_OBJC_WEAK = YES;
				CLANG_WARN_BLOCK_CAPTURE_AUTORELEASING = YES;
				CLANG_WARN_BOOL_CONVERSION = YES;
				CLANG_WARN_COMMA = YES;
				CLANG_WARN_CONSTANT_CONVERSION = YES;
				CLANG_WARN_DEPRECATED_OBJC_IMPLEMENTATIONS = YES;
				CLANG_WARN_DIRECT_OBJC_ISA_USAGE = YES_ERROR;
				CLANG_WARN_DOCUMENTATION_COMMENTS = YES;
				CLANG_WARN_EMPTY_BODY = YES;
				CLANG_WARN_ENUM_CONVERSION = YES;
				CLANG_WARN_INFINITE_RECURSION = YES;
				CLANG_WARN_INT_CONVERSION = YES;
				CLANG_WARN_NON_LITERAL_NULL_CONVERSION = YES;
				CLANG_WARN_OBJC_IMPLICIT_RETAIN_SELF = YES;
				CLANG_WARN_OBJC_LITERAL_CONVERSION = YES;
				CLANG_WARN_OBJC_ROOT_CLASS = YES_ERROR;
				CLANG_WARN_QUOTED_INCLUDE_IN_FRAMEWORK_HEADER = YES;
				CLANG_WARN_RANGE_LOOP_ANALYSIS = YES;
				CLANG_WARN_STRICT_PROTOTYPES = YES;
				CLANG_WARN_SUSPICIOUS_MOVE = YES;
				CLANG_WARN_UNGUARDED_AVAILABILITY = YES_AGGRESSIVE;
				CLANG_WARN_UNREACHABLE_CODE = YES;
				CLANG_WARN__DUPLICATE_METHOD_MATCH = YES;
				COPY_PHASE_STRIP = NO;
				DEBUG_INFORMATION_FORMAT = "dwarf-with-dsym";
				ENABLE_NS_ASSERTIONS = NO;
				ENABLE_STRICT_OBJC_MSGSEND = YES;
				GCC_C_LANGUAGE_STANDARD = gnu11;
				GCC_NO_COMMON_BLOCKS = YES;
				GCC_WARN_64_TO_32_BIT_CONVERSION = YES;
				GCC_WARN_ABOUT_RETURN_TYPE = YES_ERROR;
				GCC_WARN_UNDECLARED_SELECTOR = YES;
				GCC_WARN_UNINITIALIZED_AUTOS = YES_AGGRESSIVE;
				GCC_WARN_UNUSED_FUNCTION = YES;
				GCC_WARN_UNUSED_VARIABLE = YES;
				IPHONEOS_DEPLOYMENT_TARGET = 16.4;
				MTL_ENABLE_DEBUG_INFO = NO;
				MTL_FAST_MATH = YES;
				SDKROOT = iphoneos;
				SWIFT_COMPILATION_MODE = wholemodule;
				SWIFT_OPTIMIZATION_LEVEL = "-O";
				VALIDATE_PRODUCT = YES;
			};
			name = Release;
		};
		668DCD3A2A4B768E00FF8F3C /* Debug */ = {
			isa = XCBuildConfiguration;
			buildSettings = {
				ASSETCATALOG_COMPILER_APPICON_NAME = AppIcon;
				ASSETCATALOG_COMPILER_GLOBAL_ACCENT_COLOR_NAME = AccentColor;
				CODE_SIGN_STYLE = Automatic;
				CURRENT_PROJECT_VERSION = 1;
				DEVELOPMENT_TEAM = 6FTGKDMA7Q;
				GENERATE_INFOPLIST_FILE = YES;
				INFOPLIST_FILE = MealPlannerApp/Info.plist;
				INFOPLIST_KEY_UIApplicationSupportsIndirectInputEvents = YES;
				INFOPLIST_KEY_UILaunchStoryboardName = LaunchScreen;
				INFOPLIST_KEY_UISupportedInterfaceOrientations_iPad = "UIInterfaceOrientationPortrait UIInterfaceOrientationPortraitUpsideDown UIInterfaceOrientationLandscapeLeft UIInterfaceOrientationLandscapeRight";
				INFOPLIST_KEY_UISupportedInterfaceOrientations_iPhone = "UIInterfaceOrientationPortrait UIInterfaceOrientationLandscapeLeft UIInterfaceOrientationLandscapeRight";
				LD_RUNPATH_SEARCH_PATHS = (
					"$(inherited)",
					"@executable_path/Frameworks",
				);
				MARKETING_VERSION = 1.0;
				PRODUCT_BUNDLE_IDENTIFIER = com.nuios.MealPlannerApp;
				PRODUCT_NAME = "$(TARGET_NAME)";
				SWIFT_EMIT_LOC_STRINGS = YES;
				SWIFT_VERSION = 5.0;
				TARGETED_DEVICE_FAMILY = "1,2";
			};
			name = Debug;
		};
		668DCD3B2A4B768E00FF8F3C /* Release */ = {
			isa = XCBuildConfiguration;
			buildSettings = {
				ASSETCATALOG_COMPILER_APPICON_NAME = AppIcon;
				ASSETCATALOG_COMPILER_GLOBAL_ACCENT_COLOR_NAME = AccentColor;
				CODE_SIGN_STYLE = Automatic;
				CURRENT_PROJECT_VERSION = 1;
				DEVELOPMENT_TEAM = 6FTGKDMA7Q;
				GENERATE_INFOPLIST_FILE = YES;
				INFOPLIST_FILE = MealPlannerApp/Info.plist;
				INFOPLIST_KEY_UIApplicationSupportsIndirectInputEvents = YES;
				INFOPLIST_KEY_UILaunchStoryboardName = LaunchScreen;
				INFOPLIST_KEY_UISupportedInterfaceOrientations_iPad = "UIInterfaceOrientationPortrait UIInterfaceOrientationPortraitUpsideDown UIInterfaceOrientationLandscapeLeft UIInterfaceOrientationLandscapeRight";
				INFOPLIST_KEY_UISupportedInterfaceOrientations_iPhone = "UIInterfaceOrientationPortrait UIInterfaceOrientationLandscapeLeft UIInterfaceOrientationLandscapeRight";
				LD_RUNPATH_SEARCH_PATHS = (
					"$(inherited)",
					"@executable_path/Frameworks",
				);
				MARKETING_VERSION = 1.0;
				PRODUCT_BUNDLE_IDENTIFIER = com.nuios.MealPlannerApp;
				PRODUCT_NAME = "$(TARGET_NAME)";
				SWIFT_EMIT_LOC_STRINGS = YES;
				SWIFT_VERSION = 5.0;
				TARGETED_DEVICE_FAMILY = "1,2";
			};
			name = Release;
		};
/* End XCBuildConfiguration section */

/* Begin XCConfigurationList section */
		668DCD202A4B768C00FF8F3C /* Build configuration list for PBXProject "MealPlannerApp" */ = {
			isa = XCConfigurationList;
			buildConfigurations = (
				668DCD372A4B768E00FF8F3C /* Debug */,
				668DCD382A4B768E00FF8F3C /* Release */,
			);
			defaultConfigurationIsVisible = 0;
			defaultConfigurationName = Release;
		};
		668DCD392A4B768E00FF8F3C /* Build configuration list for PBXNativeTarget "MealPlannerApp" */ = {
			isa = XCConfigurationList;
			buildConfigurations = (
				668DCD3A2A4B768E00FF8F3C /* Debug */,
				668DCD3B2A4B768E00FF8F3C /* Release */,
			);
			defaultConfigurationIsVisible = 0;
			defaultConfigurationName = Release;
		};
/* End XCConfigurationList section */
	};
	rootObject = 668DCD1D2A4B768C00FF8F3C /* Project object */;
}
